
Microsoft Visual Studio Solution File, Format Version 12.00
# Visual Studio Version 16
VisualStudioVersion = 16.0.29905.134
MinimumVisualStudioVersion = 10.0.40219.1
Project("{FAE04EC0-301F-11D3-BF4B-00C04F79EFBC}") = "ConsoleApp3", "ConsoleApp3.csproj", "{C7A57B09-B1B7-482B-AA67-06FEE625C692}"
EndProject
Global
	GlobalSection(SolutionConfigurationPlatforms) = preSolution
		Debug|Any CPU = Debug|Any CPU
		Release|Any CPU = Release|Any CPU
	EndGlobalSection
	GlobalSection(ProjectConfigurationPlatforms) = postSolution
		{C7A57B09-B1B7-482B-AA67-06FEE625C692}.Debug|Any CPU.ActiveCfg = Debug|Any CPU
		{C7A57B09-B1B7-482B-AA67-06FEE625C692}.Debug|Any CPU.Build.0 = Debug|Any CPU
		{C7A57B09-B1B7-482B-AA67-06FEE625C692}.Release|Any CPU.ActiveCfg = Release|Any CPU
		{C7A57B09-B1B7-482B-AA67-06FEE625C692}.Release|Any CPU.Build.0 = Release|Any CPU
	EndGlobalSection
	GlobalSection(SolutionProperties) = preSolution
		HideSolutionNode = FALSE
	EndGlobalSection
	GlobalSection(ExtensibilityGlobals) = postSolution
		SolutionGuid = {1D664415-5F7E-4A93-AD32-E02C78E6212C}
	EndGlobalSection
EndGlobal
